
Microsoft Visual Studio Solution File, Format Version 12.00
# Visual Studio Version 17
VisualStudioVersion = 17.5.33424.131
MinimumVisualStudioVersion = 10.0.40219.1
Project("{FAE04EC0-301F-11D3-BF4B-00C04F79EFBC}") = "CLOTHING_STORE", "CLOTHING_STORE\CLOTHING_STORE.csproj", "{AD6ACBFA-B9AA-4127-A802-00914D85517B}"
EndProject
Global
	GlobalSection(SolutionConfigurationPlatforms) = preSolution
		Debug|Any CPU = Debug|Any CPU
		Release|Any CPU = Release|Any CPU
	EndGlobalSection
	GlobalSection(ProjectConfigurationPlatforms) = postSolution
		{AD6ACBFA-B9AA-4127-A802-00914D85517B}.Debug|Any CPU.ActiveCfg = Debug|Any CPU
		{AD6ACBFA-B9AA-4127-A802-00914D85517B}.Debug|Any CPU.Build.0 = Debug|Any CPU
		{AD6ACBFA-B9AA-4127-A802-00914D85517B}.Release|Any CPU.ActiveCfg = Release|Any CPU
		{AD6ACBFA-B9AA-4127-A802-00914D85517B}.Release|Any CPU.Build.0 = Release|Any CPU
	EndGlobalSection
	GlobalSection(SolutionProperties) = preSolution
		HideSolutionNode = FALSE
	EndGlobalSection
	GlobalSection(ExtensibilityGlobals) = postSolution
		SolutionGuid = {A4D41FEE-4B57-4164-B60D-E8E1BB4A0A31}
	EndGlobalSection
EndGlobal
